
Microsoft Visual Studio Solution File, Format Version 12.00
# Visual Studio Version 17
VisualStudioVersion = 17.9.34616.47
MinimumVisualStudioVersion = 10.0.40219.1
Project("{FAE04EC0-301F-11D3-BF4B-00C04F79EFBC}") = "AljabarLibraries_1302223125", "AljabarLibraries_1302223125\AljabarLibraries_1302223125.csproj", "{C3B304BB-29AA-4248-BBF5-294DFCB47FC2}"
EndProject
Project("{FAE04EC0-301F-11D3-BF4B-00C04F79EFBC}") = "AljabarImplementation_1302223125", "AljabarImplementation_1302223125\AljabarImplementation_1302223125.csproj", "{EDFB6071-A1A2-45EB-9E13-BFD427EF16BF}"
EndProject
Global
	GlobalSection(SolutionConfigurationPlatforms) = preSolution
		Debug|Any CPU = Debug|Any CPU
		Release|Any CPU = Release|Any CPU
	EndGlobalSection
	GlobalSection(ProjectConfigurationPlatforms) = postSolution
		{C3B304BB-29AA-4248-BBF5-294DFCB47FC2}.Debug|Any CPU.ActiveCfg = Debug|Any CPU
		{C3B304BB-29AA-4248-BBF5-294DFCB47FC2}.Debug|Any CPU.Build.0 = Debug|Any CPU
		{C3B304BB-29AA-4248-BBF5-294DFCB47FC2}.Release|Any CPU.ActiveCfg = Release|Any CPU
		{C3B304BB-29AA-4248-BBF5-294DFCB47FC2}.Release|Any CPU.Build.0 = Release|Any CPU
		{EDFB6071-A1A2-45EB-9E13-BFD427EF16BF}.Debug|Any CPU.ActiveCfg = Debug|Any CPU
		{EDFB6071-A1A2-45EB-9E13-BFD427EF16BF}.Debug|Any CPU.Build.0 = Debug|Any CPU
		{EDFB6071-A1A2-45EB-9E13-BFD427EF16BF}.Release|Any CPU.ActiveCfg = Release|Any CPU
		{EDFB6071-A1A2-45EB-9E13-BFD427EF16BF}.Release|Any CPU.Build.0 = Release|Any CPU
	EndGlobalSection
	GlobalSection(SolutionProperties) = preSolution
		HideSolutionNode = FALSE
	EndGlobalSection
	GlobalSection(ExtensibilityGlobals) = postSolution
		SolutionGuid = {1B24D09D-C8E8-446F-9111-EC6875625022}
	EndGlobalSection
EndGlobal
